
Microsoft Visual Studio Solution File, Format Version 12.00
# Visual Studio Version 17
VisualStudioVersion = 17.0.31903.59
MinimumVisualStudioVersion = 10.0.40219.1
Project("{2150E333-8FDC-42A3-9474-1A3956D46DE8}") = "src", "src", "{827E0CD3-B72D-47B6-A68D-7590B98EB39B}"
EndProject
Project("{FAE04EC0-301F-11D3-BF4B-00C04F79EFBC}") = "MoneyMarket.Domain", "src\MoneyMarket.Domain\MoneyMarket.Domain.csproj", "{652CEBA7-B063-42EF-8D34-52E96530D11B}"
EndProject
Project("{FAE04EC0-301F-11D3-BF4B-00C04F79EFBC}") = "MoneyMarket.Application", "src\MoneyMarket.Application\MoneyMarket.Application.csproj", "{0F757E78-ED1C-4CF7-9441-634697931352}"
EndProject
Project("{FAE04EC0-301F-11D3-BF4B-00C04F79EFBC}") = "MoneyMarket.Persistence", "src\MoneyMarket.Persistence\MoneyMarket.Persistence.csproj", "{CBD7F8C1-8EC9-4857-826F-B23B148BA6B8}"
EndProject
Project("{FAE04EC0-301F-11D3-BF4B-00C04F79EFBC}") = "MoneyMarket.Infrastructure", "src\MoneyMarket.Infrastructure\MoneyMarket.Infrastructure.csproj", "{5A69DEAD-7E7F-47C2-BCA6-4B0DC0DA1DB8}"
EndProject
Project("{FAE04EC0-301F-11D3-BF4B-00C04F79EFBC}") = "MoneyMarket.API", "src\MoneyMarket.API\MoneyMarket.API.csproj", "{B3B2614B-B256-4465-AB18-D9B7D9E065E5}"
EndProject
Project("{2150E333-8FDC-42A3-9474-1A3956D46DE8}") = "tests", "tests", "{0AB3BF05-4346-4AA6-1389-037BE0695223}"
EndProject
Project("{FAE04EC0-301F-11D3-BF4B-00C04F79EFBC}") = "MoneyMarket.Domain.Tests", "tests\MoneyMarket.Domain.Tests\MoneyMarket.Domain.Tests.csproj", "{9F6C19C2-73C1-463F-94CF-0A8589135976}"
EndProject
Project("{FAE04EC0-301F-11D3-BF4B-00C04F79EFBC}") = "MoneyMarket.Application.Tests", "tests\MoneyMarket.Application.Tests\MoneyMarket.Application.Tests.csproj", "{8E75A15A-1457-4C13-9B02-5CF8BC764B6C}"
EndProject
Project("{FAE04EC0-301F-11D3-BF4B-00C04F79EFBC}") = "MoneyMarket.API.IntegrationTests", "tests\MoneyMarket.API.IntegrationTests\MoneyMarket.API.IntegrationTests.csproj", "{BEF62E2E-287D-4797-B3B6-AF0E9A19791F}"
EndProject
Global
	GlobalSection(SolutionConfigurationPlatforms) = preSolution
		Debug|Any CPU = Debug|Any CPU
		Debug|x64 = Debug|x64
		Debug|x86 = Debug|x86
		Release|Any CPU = Release|Any CPU
		Release|x64 = Release|x64
		Release|x86 = Release|x86
	EndGlobalSection
	GlobalSection(ProjectConfigurationPlatforms) = postSolution
		{652CEBA7-B063-42EF-8D34-52E96530D11B}.Debug|Any CPU.ActiveCfg = Debug|Any CPU
		{652CEBA7-B063-42EF-8D34-52E96530D11B}.Debug|Any CPU.Build.0 = Debug|Any CPU
		{652CEBA7-B063-42EF-8D34-52E96530D11B}.Debug|x64.ActiveCfg = Debug|Any CPU
		{652CEBA7-B063-42EF-8D34-52E96530D11B}.Debug|x64.Build.0 = Debug|Any CPU
		{652CEBA7-B063-42EF-8D34-52E96530D11B}.Debug|x86.ActiveCfg = Debug|Any CPU
		{652CEBA7-B063-42EF-8D34-52E96530D11B}.Debug|x86.Build.0 = Debug|Any CPU
		{652CEBA7-B063-42EF-8D34-52E96530D11B}.Release|Any CPU.ActiveCfg = Release|Any CPU
		{652CEBA7-B063-42EF-8D34-52E96530D11B}.Release|Any CPU.Build.0 = Release|Any CPU
		{652CEBA7-B063-42EF-8D34-52E96530D11B}.Release|x64.ActiveCfg = Release|Any CPU
		{652CEBA7-B063-42EF-8D34-52E96530D11B}.Release|x64.Build.0 = Release|Any CPU
		{652CEBA7-B063-42EF-8D34-52E96530D11B}.Release|x86.ActiveCfg = Release|Any CPU
		{652CEBA7-B063-42EF-8D34-52E96530D11B}.Release|x86.Build.0 = Release|Any CPU
		{0F757E78-ED1C-4CF7-9441-634697931352}.Debug|Any CPU.ActiveCfg = Debug|Any CPU
		{0F757E78-ED1C-4CF7-9441-634697931352}.Debug|Any CPU.Build.0 = Debug|Any CPU
		{0F757E78-ED1C-4CF7-9441-634697931352}.Debug|x64.ActiveCfg = Debug|Any CPU
		{0F757E78-ED1C-4CF7-9441-634697931352}.Debug|x64.Build.0 = Debug|Any CPU
		{0F757E78-ED1C-4CF7-9441-634697931352}.Debug|x86.ActiveCfg = Debug|Any CPU
		{0F757E78-ED1C-4CF7-9441-634697931352}.Debug|x86.Build.0 = Debug|Any CPU
		{0F757E78-ED1C-4CF7-9441-634697931352}.Release|Any CPU.ActiveCfg = Release|Any CPU
		{0F757E78-ED1C-4CF7-9441-634697931352}.Release|Any CPU.Build.0 = Release|Any CPU
		{0F757E78-ED1C-4CF7-9441-634697931352}.Release|x64.ActiveCfg = Release|Any CPU
		{0F757E78-ED1C-4CF7-9441-634697931352}.Release|x64.Build.0 = Release|Any CPU
		{0F757E78-ED1C-4CF7-9441-634697931352}.Release|x86.ActiveCfg = Release|Any CPU
		{0F757E78-ED1C-4CF7-9441-634697931352}.Release|x86.Build.0 = Release|Any CPU
		{CBD7F8C1-8EC9-4857-826F-B23B148BA6B8}.Debug|Any CPU.ActiveCfg = Debug|Any CPU
		{CBD7F8C1-8EC9-4857-826F-B23B148BA6B8}.Debug|Any CPU.Build.0 = Debug|Any CPU
		{CBD7F8C1-8EC9-4857-826F-B23B148BA6B8}.Debug|x64.ActiveCfg = Debug|Any CPU
		{CBD7F8C1-8EC9-4857-826F-B23B148BA6B8}.Debug|x64.Build.0 = Debug|Any CPU
		{CBD7F8C1-8EC9-4857-826F-B23B148BA6B8}.Debug|x86.ActiveCfg = Debug|Any CPU
		{CBD7F8C1-8EC9-4857-826F-B23B148BA6B8}.Debug|x86.Build.0 = Debug|Any CPU
		{CBD7F8C1-8EC9-4857-826F-B23B148BA6B8}.Release|Any CPU.ActiveCfg = Release|Any CPU
		{CBD7F8C1-8EC9-4857-826F-B23B148BA6B8}.Release|Any CPU.Build.0 = Release|Any CPU
		{CBD7F8C1-8EC9-4857-826F-B23B148BA6B8}.Release|x64.ActiveCfg = Release|Any CPU
		{CBD7F8C1-8EC9-4857-826F-B23B148BA6B8}.Release|x64.Build.0 = Release|Any CPU
		{CBD7F8C1-8EC9-4857-826F-B23B148BA6B8}.Release|x86.ActiveCfg = Release|Any CPU
		{CBD7F8C1-8EC9-4857-826F-B23B148BA6B8}.Release|x86.Build.0 = Release|Any CPU
		{5A69DEAD-7E7F-47C2-BCA6-4B0DC0DA1DB8}.Debug|Any CPU.ActiveCfg = Debug|Any CPU
		{5A69DEAD-7E7F-47C2-BCA6-4B0DC0DA1DB8}.Debug|Any CPU.Build.0 = Debug|Any CPU
		{5A69DEAD-7E7F-47C2-BCA6-4B0DC0DA1DB8}.Debug|x64.ActiveCfg = Debug|Any CPU
		{5A69DEAD-7E7F-47C2-BCA6-4B0DC0DA1DB8}.Debug|x64.Build.0 = Debug|Any CPU
		{5A69DEAD-7E7F-47C2-BCA6-4B0DC0DA1DB8}.Debug|x86.ActiveCfg = Debug|Any CPU
		{5A69DEAD-7E7F-47C2-BCA6-4B0DC0DA1DB8}.Debug|x86.Build.0 = Debug|Any CPU
		{5A69DEAD-7E7F-47C2-BCA6-4B0DC0DA1DB8}.Release|Any CPU.ActiveCfg = Release|Any CPU
		{5A69DEAD-7E7F-47C2-BCA6-4B0DC0DA1DB8}.Release|Any CPU.Build.0 = Release|Any CPU
		{5A69DEAD-7E7F-47C2-BCA6-4B0DC0DA1DB8}.Release|x64.ActiveCfg = Release|Any CPU
		{5A69DEAD-7E7F-47C2-BCA6-4B0DC0DA1DB8}.Release|x64.Build.0 = Release|Any CPU
		{5A69DEAD-7E7F-47C2-BCA6-4B0DC0DA1DB8}.Release|x86.ActiveCfg = Release|Any CPU
		{5A69DEAD-7E7F-47C2-BCA6-4B0DC0DA1DB8}.Release|x86.Build.0 = Release|Any CPU
		{B3B2614B-B256-4465-AB18-D9B7D9E065E5}.Debug|Any CPU.ActiveCfg = Debug|Any CPU
		{B3B2614B-B256-4465-AB18-D9B7D9E065E5}.Debug|Any CPU.Build.0 = Debug|Any CPU
		{B3B2614B-B256-4465-AB18-D9B7D9E065E5}.Debug|x64.ActiveCfg = Debug|Any CPU
		{B3B2614B-B256-4465-AB18-D9B7D9E065E5}.Debug|x64.Build.0 = Debug|Any CPU
		{B3B2614B-B256-4465-AB18-D9B7D9E065E5}.Debug|x86.ActiveCfg = Debug|Any CPU
		{B3B2614B-B256-4465-AB18-D9B7D9E065E5}.Debug|x86.Build.0 = Debug|Any CPU
		{B3B2614B-B256-4465-AB18-D9B7D9E065E5}.Release|Any CPU.ActiveCfg = Release|Any CPU
		{B3B2614B-B256-4465-AB18-D9B7D9E065E5}.Release|Any CPU.Build.0 = Release|Any CPU
		{B3B2614B-B256-4465-AB18-D9B7D9E065E5}.Release|x64.ActiveCfg = Release|Any CPU
		{B3B2614B-B256-4465-AB18-D9B7D9E065E5}.Release|x64.Build.0 = Release|Any CPU
		{B3B2614B-B256-4465-AB18-D9B7D9E065E5}.Release|x86.ActiveCfg = Release|Any CPU
		{B3B2614B-B256-4465-AB18-D9B7D9E065E5}.Release|x86.Build.0 = Release|Any CPU
		{9F6C19C2-73C1-463F-94CF-0A8589135976}.Debug|Any CPU.ActiveCfg = Debug|Any CPU
		{9F6C19C2-73C1-463F-94CF-0A8589135976}.Debug|Any CPU.Build.0 = Debug|Any CPU
		{9F6C19C2-73C1-463F-94CF-0A8589135976}.Debug|x64.ActiveCfg = Debug|Any CPU
		{9F6C19C2-73C1-463F-94CF-0A8589135976}.Debug|x64.Build.0 = Debug|Any CPU
		{9F6C19C2-73C1-463F-94CF-0A8589135976}.Debug|x86.ActiveCfg = Debug|Any CPU
		{9F6C19C2-73C1-463F-94CF-0A8589135976}.Debug|x86.Build.0 = Debug|Any CPU
		{9F6C19C2-73C1-463F-94CF-0A8589135976}.Release|Any CPU.ActiveCfg = Release|Any CPU
		{9F6C19C2-73C1-463F-94CF-0A8589135976}.Release|Any CPU.Build.0 = Release|Any CPU
		{9F6C19C2-73C1-463F-94CF-0A8589135976}.Release|x64.ActiveCfg = Release|Any CPU
		{9F6C19C2-73C1-463F-94CF-0A8589135976}.Release|x64.Build.0 = Release|Any CPU
		{9F6C19C2-73C1-463F-94CF-0A8589135976}.Release|x86.ActiveCfg = Release|Any CPU
		{9F6C19C2-73C1-463F-94CF-0A8589135976}.Release|x86.Build.0 = Release|Any CPU
		{8E75A15A-1457-4C13-9B02-5CF8BC764B6C}.Debug|Any CPU.ActiveCfg = Debug|Any CPU
		{8E75A15A-1457-4C13-9B02-5CF8BC764B6C}.Debug|Any CPU.Build.0 = Debug|Any CPU
		{8E75A15A-1457-4C13-9B02-5CF8BC764B6C}.Debug|x64.ActiveCfg = Debug|Any CPU
		{8E75A15A-1457-4C13-9B02-5CF8BC764B6C}.Debug|x64.Build.0 = Debug|Any CPU
		{8E75A15A-1457-4C13-9B02-5CF8BC764B6C}.Debug|x86.ActiveCfg = Debug|Any CPU
		{8E75A15A-1457-4C13-9B02-5CF8BC764B6C}.Debug|x86.Build.0 = Debug|Any CPU
		{8E75A15A-1457-4C13-9B02-5CF8BC764B6C}.Release|Any CPU.ActiveCfg = Release|Any CPU
		{8E75A15A-1457-4C13-9B02-5CF8BC764B6C}.Release|Any CPU.Build.0 = Release|Any CPU
		{8E75A15A-1457-4C13-9B02-5CF8BC764B6C}.Release|x64.ActiveCfg = Release|Any CPU
		{8E75A15A-1457-4C13-9B02-5CF8BC764B6C}.Release|x64.Build.0 = Release|Any CPU
		{8E75A15A-1457-4C13-9B02-5CF8BC764B6C}.Release|x86.ActiveCfg = Release|Any CPU
		{8E75A15A-1457-4C13-9B02-5CF8BC764B6C}.Release|x86.Build.0 = Release|Any CPU
		{BEF62E2E-287D-4797-B3B6-AF0E9A19791F}.Debug|Any CPU.ActiveCfg = Debug|Any CPU
		{BEF62E2E-287D-4797-B3B6-AF0E9A19791F}.Debug|Any CPU.Build.0 = Debug|Any CPU
		{BEF62E2E-287D-4797-B3B6-AF0E9A19791F}.Debug|x64.ActiveCfg = Debug|Any CPU
		{BEF62E2E-287D-4797-B3B6-AF0E9A19791F}.Debug|x64.Build.0 = Debug|Any CPU
		{BEF62E2E-287D-4797-B3B6-AF0E9A19791F}.Debug|x86.ActiveCfg = Debug|Any CPU
		{BEF62E2E-287D-4797-B3B6-AF0E9A19791F}.Debug|x86.Build.0 = Debug|Any CPU
		{BEF62E2E-287D-4797-B3B6-AF0E9A19791F}.Release|Any CPU.ActiveCfg = Release|Any CPU
		{BEF62E2E-287D-4797-B3B6-AF0E9A19791F}.Release|Any CPU.Build.0 = Release|Any CPU
		{BEF62E2E-287D-4797-B3B6-AF0E9A19791F}.Release|x64.ActiveCfg = Release|Any CPU
		{BEF62E2E-287D-4797-B3B6-AF0E9A19791F}.Release|x64.Build.0 = Release|Any CPU
		{BEF62E2E-287D-4797-B3B6-AF0E9A19791F}.Release|x86.ActiveCfg = Release|Any CPU
		{BEF62E2E-287D-4797-B3B6-AF0E9A19791F}.Release|x86.Build.0 = Release|Any CPU
	EndGlobalSection
	GlobalSection(SolutionProperties) = preSolution
		HideSolutionNode = FALSE
	EndGlobalSection
	GlobalSection(NestedProjects) = preSolution
		{652CEBA7-B063-42EF-8D34-52E96530D11B} = {827E0CD3-B72D-47B6-A68D-7590B98EB39B}
		{0F757E78-ED1C-4CF7-9441-634697931352} = {827E0CD3-B72D-47B6-A68D-7590B98EB39B}
		{CBD7F8C1-8EC9-4857-826F-B23B148BA6B8} = {827E0CD3-B72D-47B6-A68D-7590B98EB39B}
		{5A69DEAD-7E7F-47C2-BCA6-4B0DC0DA1DB8} = {827E0CD3-B72D-47B6-A68D-7590B98EB39B}
		{B3B2614B-B256-4465-AB18-D9B7D9E065E5} = {827E0CD3-B72D-47B6-A68D-7590B98EB39B}
		{9F6C19C2-73C1-463F-94CF-0A8589135976} = {0AB3BF05-4346-4AA6-1389-037BE0695223}
		{8E75A15A-1457-4C13-9B02-5CF8BC764B6C} = {0AB3BF05-4346-4AA6-1389-037BE0695223}
		{BEF62E2E-287D-4797-B3B6-AF0E9A19791F} = {0AB3BF05-4346-4AA6-1389-037BE0695223}
	EndGlobalSection
EndGlobal
